
Microsoft Visual Studio Solution File, Format Version 12.00
# Visual Studio Version 16
VisualStudioVersion = 16.0.31205.134
MinimumVisualStudioVersion = 10.0.40219.1
Project("{FAE04EC0-301F-11D3-BF4B-00C04F79EFBC}") = "AreaFigureLib", "AreaFigureLib\AreaFigureLib.csproj", "{CA7653C7-1418-4692-9971-F6F8ED213C4D}"
EndProject
Project("{FAE04EC0-301F-11D3-BF4B-00C04F79EFBC}") = "TestArea", "TestArea\TestArea.csproj", "{CD2FEB2E-0FC3-45B6-BD13-2CF7642D4C2E}"
EndProject
Global
	GlobalSection(SolutionConfigurationPlatforms) = preSolution
		Debug|Any CPU = Debug|Any CPU
		Release|Any CPU = Release|Any CPU
	EndGlobalSection
	GlobalSection(ProjectConfigurationPlatforms) = postSolution
		{CA7653C7-1418-4692-9971-F6F8ED213C4D}.Debug|Any CPU.ActiveCfg = Debug|Any CPU
		{CA7653C7-1418-4692-9971-F6F8ED213C4D}.Debug|Any CPU.Build.0 = Debug|Any CPU
		{CA7653C7-1418-4692-9971-F6F8ED213C4D}.Release|Any CPU.ActiveCfg = Release|Any CPU
		{CA7653C7-1418-4692-9971-F6F8ED213C4D}.Release|Any CPU.Build.0 = Release|Any CPU
		{CD2FEB2E-0FC3-45B6-BD13-2CF7642D4C2E}.Debug|Any CPU.ActiveCfg = Debug|Any CPU
		{CD2FEB2E-0FC3-45B6-BD13-2CF7642D4C2E}.Debug|Any CPU.Build.0 = Debug|Any CPU
		{CD2FEB2E-0FC3-45B6-BD13-2CF7642D4C2E}.Release|Any CPU.ActiveCfg = Release|Any CPU
		{CD2FEB2E-0FC3-45B6-BD13-2CF7642D4C2E}.Release|Any CPU.Build.0 = Release|Any CPU
	EndGlobalSection
	GlobalSection(SolutionProperties) = preSolution
		HideSolutionNode = FALSE
	EndGlobalSection
	GlobalSection(ExtensibilityGlobals) = postSolution
		SolutionGuid = {BD5304AF-0FA3-49FC-A098-0DA6AB3C0116}
	EndGlobalSection
EndGlobal
